
Microsoft Visual Studio Solution File, Format Version 12.00
# Visual Studio Version 17
VisualStudioVersion = 17.1.32414.318
MinimumVisualStudioVersion = 10.0.40219.1
Project("{FAE04EC0-301F-11D3-BF4B-00C04F79EFBC}") = "LibraryManager", "LibraryManager\LibraryManager.csproj", "{2E21145B-EE10-415C-923F-65035DB27B86}"
EndProject
Global
	GlobalSection(SolutionConfigurationPlatforms) = preSolution
		Debug|Any CPU = Debug|Any CPU
		Release|Any CPU = Release|Any CPU
	EndGlobalSection
	GlobalSection(ProjectConfigurationPlatforms) = postSolution
		{2E21145B-EE10-415C-923F-65035DB27B86}.Debug|Any CPU.ActiveCfg = Debug|Any CPU
		{2E21145B-EE10-415C-923F-65035DB27B86}.Debug|Any CPU.Build.0 = Debug|Any CPU
		{2E21145B-EE10-415C-923F-65035DB27B86}.Release|Any CPU.ActiveCfg = Release|Any CPU
		{2E21145B-EE10-415C-923F-65035DB27B86}.Release|Any CPU.Build.0 = Release|Any CPU
	EndGlobalSection
	GlobalSection(SolutionProperties) = preSolution
		HideSolutionNode = FALSE
	EndGlobalSection
	GlobalSection(ExtensibilityGlobals) = postSolution
		SolutionGuid = {4942FE00-A932-4A0C-860C-3B05335C1A37}
	EndGlobalSection
EndGlobal
